// !$*UTF8*$!
{
	archiveVersion = 1;
	objectVersion = 56;
	objects = {

/* Begin PBXBuildFile section */
		4A0000000000000000000012 /* AppDelegate.swift in Sources */ = {isa = PBXBuildFile; fileRef = 4A0000000000000000000011 /* AppDelegate.swift */; };
		4A0000000000000000000014 /* DadKitViewController.swift in Sources */ = {isa = PBXBuildFile; fileRef = 4A0000000000000000000013 /* DadKitViewController.swift */; };
		4A0000000000000000000016 /* LocalSchemeHandler.swift in Sources */ = {isa = PBXBuildFile; fileRef = 4A0000000000000000000015 /* LocalSchemeHandler.swift */; };
		4A0000000000000000000019 /* Assets.xcassets in Resources */ = {isa = PBXBuildFile; fileRef = 4A0000000000000000000018 /* Assets.xcassets */; };
		4A000000000000000000001B /* www in Resources */ = {isa = PBXBuildFile; fileRef = 4A000000000000000000001A /* www */; };
/* End PBXBuildFile section */

/* Begin PBXFileReference section */
		4A0000000000000000000010 /* DadKit.app */ = {isa = PBXFileReference; explicitFileType = wrapper.application; includeInIndex = 0; path = DadKit.app; sourceTree = BUILT_PRODUCTS_DIR; };
		4A0000000000000000000011 /* AppDelegate.swift */ = {isa = PBXFileReference; lastKnownFileType = sourcecode.swift; path = AppDelegate.swift; sourceTree = "<group>"; };
		4A0000000000000000000013 /* DadKitViewController.swift */ = {isa = PBXFileReference; lastKnownFileType = sourcecode.swift; path = DadKitViewController.swift; sourceTree = "<group>"; };
		4A0000000000000000000015 /* LocalSchemeHandler.swift */ = {isa = PBXFileReference; lastKnownFileType = sourcecode.swift; path = LocalSchemeHandler.swift; sourceTree = "<group>"; };
		4A0000000000000000000017 /* Info.plist */ = {isa = PBXFileReference; lastKnownFileType = text.plist.xml; path = Info.plist; sourceTree = "<group>"; };
		4A0000000000000000000018 /* Assets.xcassets */ = {isa = PBXFileReference; lastKnownFileType = folder.assetcatalog; path = Assets.xcassets; sourceTree = "<group>"; };
		4A000000000000000000001A /* www */ = {isa = PBXFileReference; lastKnownFileType = folder; path = www; sourceTree = "<group>"; };
/* End PBXFileReference section */

/* Begin PBXFrameworksBuildPhase section */
		4A0000000000000000000008 /* Frameworks */ = {
			isa = PBXFrameworksBuildPhase;
			buildActionMask = 2147483647;
			files = (
			);
			runOnlyForDeploymentPostprocessing = 0;
		};
/* End PBXFrameworksBuildPhase section */

/* Begin PBXGroup section */
		4A0000000000000000000004 /* DadKit */ = {
			isa = PBXGroup;
			children = (
				4A0000000000000000000011 /* AppDelegate.swift */,
				4A0000000000000000000013 /* DadKitViewController.swift */,
				4A0000000000000000000015 /* LocalSchemeHandler.swift */,
				4A0000000000000000000017 /* Info.plist */,
				4A0000000000000000000018 /* Assets.xcassets */,
				4A000000000000000000001A /* www */,
			);
			path = DadKit;
			sourceTree = "<group>";
		};
		4A0000000000000000000005 /* Frameworks */ = {
			isa = PBXGroup;
			children = (
			);
			name = Frameworks;
			sourceTree = "<group>";
		};
		4A0000000000000000000003 /* Products */ = {
			isa = PBXGroup;
			children = (
				4A0000000000000000000010 /* DadKit.app */,
			);
			name = Products;
			sourceTree = "<group>";
		};
		4A0000000000000000000002 /* Root */ = {
			isa = PBXGroup;
			children = (
				4A0000000000000000000004 /* DadKit */,
				4A0000000000000000000005 /* Frameworks */,
				4A0000000000000000000003 /* Products */,
			);
			sourceTree = "<group>";
		};
/* End PBXGroup section */

/* Begin PBXNativeTarget section */
		4A0000000000000000000006 /* DadKit */ = {
			isa = PBXNativeTarget;
			buildConfigurationList = 4A000000000000000000000E /* Build configuration list for PBXNativeTarget "DadKit" */;
			buildPhases = (
				4A0000000000000000000007 /* Sources */,
				4A0000000000000000000008 /* Frameworks */,
				4A0000000000000000000009 /* Resources */,
			);
			buildRules = (
			);
			dependencies = (
			);
			name = DadKit;
			packageProductDependencies = (
			);
			productName = DadKit;
			productReference = 4A0000000000000000000010 /* DadKit.app */;
			productType = "com.apple.product-type.application";
		};
/* End PBXNativeTarget section */

/* Begin PBXProject section */
		4A0000000000000000000001 /* Project object */ = {
			isa = PBXProject;
			attributes = {
				BuildIndependentTargetsInParallel = 1;
				LastUpgradeCheck = 1540;
				TargetAttributes = {
					4A0000000000000000000006 = {
						CreatedOnToolsVersion = 15.4;
					};
				};
			};
			buildConfigurationList = 4A000000000000000000000F /* Build configuration list for PBXProject "DadKit" */;
			developmentRegion = zh-CN;
			hasScannedForEncodings = 0;
			knownRegions = (
				en,
				"zh-Hans",
				Base,
			);
			mainGroup = 4A0000000000000000000002 /* Root */;
			productRefGroup = 4A0000000000000000000003 /* Products */;
			projectDirPath = "";
			projectRoot = "";
			targets = (
				4A0000000000000000000006 /* DadKit */,
			);
		};
/* End PBXProject section */

/* Begin PBXResourcesBuildPhase section */
		4A0000000000000000000009 /* Resources */ = {
			isa = PBXResourcesBuildPhase;
			buildActionMask = 2147483647;
			files = (
				4A0000000000000000000019 /* Assets.xcassets in Resources */,
				4A000000000000000000001B /* www in Resources */,
			);
			runOnlyForDeploymentPostprocessing = 0;
		};
/* End PBXResourcesBuildPhase section */

/* Begin PBXSourcesBuildPhase section */
		4A0000000000000000000007 /* Sources */ = {
			isa = PBXSourcesBuildPhase;
			buildActionMask = 2147483647;
			files = (
				4A0000000000000000000012 /* AppDelegate.swift in Sources */,
				4A0000000000000000000014 /* DadKitViewController.swift in Sources */,
				4A0000000000000000000016 /* LocalSchemeHandler.swift in Sources */,
			);
			runOnlyForDeploymentPostprocessing = 0;
		};
/* End PBXSourcesBuildPhase section */

/* Begin XCBuildConfiguration section */
		4A000000000000000000000C /* Debug */ = {
			isa = XCBuildConfiguration;
			buildSettings = {
				ALWAYS_SEARCH_USER_PATHS = NO;
				CLANG_ANALYZER_NONNULL = YES;
				CLANG_ENABLE_MODULES = YES;
				CLANG_ENABLE_OBJC_ARC = YES;
				COPY_PHASE_STRIP = NO;
				DEBUG_INFORMATION_FORMAT = dwarf;
				ENABLE_STRICT_OBJC_MSGSEND = YES;
				ENABLE_TESTABILITY = YES;
				GCC_C_LANGUAGE_STANDARD = gnu17;
				GCC_DYNAMIC_NO_PIC = NO;
				GCC_OPTIMIZATION_LEVEL = 0;
				GCC_PREPROCESSOR_DEFINITIONS = (
					"DEBUG=1",
					"$(inherited)",
				);
				IPHONEOS_DEPLOYMENT_TARGET = 15.0;
				MTL_ENABLE_DEBUG_INFO = INCLUDE_SOURCE;
				ONLY_ACTIVE_ARCH = YES;
				SDKROOT = iphoneos;
				SWIFT_ACTIVE_COMPILATION_CONDITIONS = DEBUG;
				SWIFT_OPTIMIZATION_LEVEL = "-Onone";
			};
			name = Debug;
		};
		4A000000000000000000000D /* Release */ = {
			isa = XCBuildConfiguration;
			buildSettings = {
				ALWAYS_SEARCH_USER_PATHS = NO;
				CLANG_ANALYZER_NONNULL = YES;
				CLANG_ENABLE_MODULES = YES;
				CLANG_ENABLE_OBJC_ARC = YES;
				COPY_PHASE_STRIP = NO;
				DEBUG_INFORMATION_FORMAT = "dwarf-with-dsym";
				ENABLE_NS_ASSERTIONS = NO;
				ENABLE_STRICT_OBJC_MSGSEND = YES;
				GCC_C_LANGUAGE_STANDARD = gnu17;
				IPHONEOS_DEPLOYMENT_TARGET = 15.0;
				MTL_ENABLE_DEBUG_INFO = NO;
				SDKROOT = iphoneos;
				SWIFT_COMPILATION_MODE = wholemodule;
				SWIFT_OPTIMIZATION_LEVEL = "-O";
				VALIDATE_PRODUCT = YES;
			};
			name = Release;
		};
		4A000000000000000000000A /* Debug */ = {
			isa = XCBuildConfiguration;
			buildSettings = {
				ASSETCATALOG_COMPILER_APPICON_NAME = AppIcon;
				ASSETCATALOG_COMPILER_GLOBAL_ACCENT_COLOR_NAME = AccentColor;
				CODE_SIGN_STYLE = Automatic;
				DEVELOPMENT_TEAM = "";
				ENABLE_PREVIEWS = NO;
				GENERATE_INFOPLIST_FILE = NO;
				INFOPLIST_FILE = DadKit/Info.plist;
				INFOPLIST_KEY_UIApplicationSupportsIndirectInputEvents = YES;
				LD_RUNPATH_SEARCH_PATHS = (
					"$(inherited)",
					"@executable_path/Frameworks",
				);
				MARKETING_VERSION = 1.0.0;
				PRODUCT_BUNDLE_IDENTIFIER = com.dadkit.ios;
				PRODUCT_NAME = "$(TARGET_NAME)";
				SWIFT_EMIT_LOC_STRINGS = NO;
				SWIFT_VERSION = 5.0;
				TARGETED_DEVICE_FAMILY = "1,2";
				VERSIONING_SYSTEM = "apple-generic";
				CURRENT_PROJECT_VERSION = 1;
			};
			name = Debug;
		};
		4A000000000000000000000B /* Release */ = {
			isa = XCBuildConfiguration;
			buildSettings = {
				ASSETCATALOG_COMPILER_APPICON_NAME = AppIcon;
				ASSETCATALOG_COMPILER_GLOBAL_ACCENT_COLOR_NAME = AccentColor;
				CODE_SIGN_STYLE = Automatic;
				DEVELOPMENT_TEAM = "";
				ENABLE_PREVIEWS = NO;
				GENERATE_INFOPLIST_FILE = NO;
				INFOPLIST_FILE = DadKit/Info.plist;
				INFOPLIST_KEY_UIApplicationSupportsIndirectInputEvents = YES;
				LD_RUNPATH_SEARCH_PATHS = (
					"$(inherited)",
					"@executable_path/Frameworks",
				);
				MARKETING_VERSION = 1.0.0;
				PRODUCT_BUNDLE_IDENTIFIER = com.dadkit.ios;
				PRODUCT_NAME = "$(TARGET_NAME)";
				SWIFT_EMIT_LOC_STRINGS = NO;
				SWIFT_VERSION = 5.0;
				TARGETED_DEVICE_FAMILY = "1,2";
				VERSIONING_SYSTEM = "apple-generic";
				CURRENT_PROJECT_VERSION = 1;
			};
			name = Release;
		};
/* End XCBuildConfiguration section */

/* Begin XCConfigurationList section */
		4A000000000000000000000E /* Build configuration list for PBXNativeTarget "DadKit" */ = {
			isa = XCConfigurationList;
			buildConfigurations = (
				4A000000000000000000000A /* Debug */,
				4A000000000000000000000B /* Release */,
			);
			defaultConfigurationIsVisible = 0;
			defaultConfigurationName = Release;
		};
		4A000000000000000000000F /* Build configuration list for PBXProject "DadKit" */ = {
			isa = XCConfigurationList;
			buildConfigurations = (
				4A000000000000000000000C /* Debug */,
				4A000000000000000000000D /* Release */,
			);
			defaultConfigurationIsVisible = 0;
			defaultConfigurationName = Release;
		};
/* End XCConfigurationList section */
	};
	rootObject = 4A0000000000000000000001 /* Project object */;
}
